
Microsoft Visual Studio Solution File, Format Version 12.00
# Visual Studio Version 17
VisualStudioVersion = 17.12.35506.116
MinimumVisualStudioVersion = 10.0.40219.1
Project("{2150E333-8FDC-42A3-9474-1A3956D46DE8}") = "BuildingBlocks", "BuildingBlocks", "{970FDA8C-DF7F-48D3-B9DC-61D097CC5A4B}"
EndProject
Project("{2150E333-8FDC-42A3-9474-1A3956D46DE8}") = "Services", "Services", "{A18E45E3-47B9-44ED-BCCF-D6D7610DE5DA}"
EndProject
Project("{FAE04EC0-301F-11D3-BF4B-00C04F79EFBC}") = "BuildingBlocks", "BuildingBlocks\BuildingBlocks\BuildingBlocks.csproj", "{76CF2BDC-226A-42BA-8527-C5156705C7C0}"
EndProject
Project("{2150E333-8FDC-42A3-9474-1A3956D46DE8}") = "ShoppingCart", "ShoppingCart", "{E8E4EF26-3115-458D-918A-117245BF06D5}"
EndProject
Project("{FAE04EC0-301F-11D3-BF4B-00C04F79EFBC}") = "ShoppingCart.API", "Services\ShoppingCart\ShoppingCart.API\ShoppingCart.API.csproj", "{26DE7787-EEBD-4FF8-B080-FD294E07FBDE}"
EndProject
Project("{2150E333-8FDC-42A3-9474-1A3956D46DE8}") = "Product", "Product", "{E0A87494-5771-40C4-827A-AB4E9B13E1C1}"
EndProject
Project("{FAE04EC0-301F-11D3-BF4B-00C04F79EFBC}") = "Product.API", "Services\Product\Product.API\Product.API.csproj", "{10DDE3CC-8FBD-47FC-A9CC-104833185CDF}"
EndProject
Project("{E53339B2-1760-4266-BCC7-CA923CBCF16C}") = "docker-compose", "docker-compose.dcproj", "{8731F9A1-7CCF-4FC7-BB10-EE3A3DC1C471}"
EndProject
Global
	GlobalSection(SolutionConfigurationPlatforms) = preSolution
		Debug|Any CPU = Debug|Any CPU
		Release|Any CPU = Release|Any CPU
	EndGlobalSection
	GlobalSection(ProjectConfigurationPlatforms) = postSolution
		{76CF2BDC-226A-42BA-8527-C5156705C7C0}.Debug|Any CPU.ActiveCfg = Debug|Any CPU
		{76CF2BDC-226A-42BA-8527-C5156705C7C0}.Debug|Any CPU.Build.0 = Debug|Any CPU
		{76CF2BDC-226A-42BA-8527-C5156705C7C0}.Release|Any CPU.ActiveCfg = Release|Any CPU
		{76CF2BDC-226A-42BA-8527-C5156705C7C0}.Release|Any CPU.Build.0 = Release|Any CPU
		{26DE7787-EEBD-4FF8-B080-FD294E07FBDE}.Debug|Any CPU.ActiveCfg = Debug|Any CPU
		{26DE7787-EEBD-4FF8-B080-FD294E07FBDE}.Debug|Any CPU.Build.0 = Debug|Any CPU
		{26DE7787-EEBD-4FF8-B080-FD294E07FBDE}.Release|Any CPU.ActiveCfg = Release|Any CPU
		{26DE7787-EEBD-4FF8-B080-FD294E07FBDE}.Release|Any CPU.Build.0 = Release|Any CPU
		{10DDE3CC-8FBD-47FC-A9CC-104833185CDF}.Debug|Any CPU.ActiveCfg = Debug|Any CPU
		{10DDE3CC-8FBD-47FC-A9CC-104833185CDF}.Debug|Any CPU.Build.0 = Debug|Any CPU
		{10DDE3CC-8FBD-47FC-A9CC-104833185CDF}.Release|Any CPU.ActiveCfg = Release|Any CPU
		{10DDE3CC-8FBD-47FC-A9CC-104833185CDF}.Release|Any CPU.Build.0 = Release|Any CPU
		{8731F9A1-7CCF-4FC7-BB10-EE3A3DC1C471}.Debug|Any CPU.ActiveCfg = Debug|Any CPU
		{8731F9A1-7CCF-4FC7-BB10-EE3A3DC1C471}.Debug|Any CPU.Build.0 = Debug|Any CPU
		{8731F9A1-7CCF-4FC7-BB10-EE3A3DC1C471}.Release|Any CPU.ActiveCfg = Release|Any CPU
		{8731F9A1-7CCF-4FC7-BB10-EE3A3DC1C471}.Release|Any CPU.Build.0 = Release|Any CPU
	EndGlobalSection
	GlobalSection(SolutionProperties) = preSolution
		HideSolutionNode = FALSE
	EndGlobalSection
	GlobalSection(NestedProjects) = preSolution
		{76CF2BDC-226A-42BA-8527-C5156705C7C0} = {970FDA8C-DF7F-48D3-B9DC-61D097CC5A4B}
		{E8E4EF26-3115-458D-918A-117245BF06D5} = {A18E45E3-47B9-44ED-BCCF-D6D7610DE5DA}
		{26DE7787-EEBD-4FF8-B080-FD294E07FBDE} = {E8E4EF26-3115-458D-918A-117245BF06D5}
		{E0A87494-5771-40C4-827A-AB4E9B13E1C1} = {A18E45E3-47B9-44ED-BCCF-D6D7610DE5DA}
		{10DDE3CC-8FBD-47FC-A9CC-104833185CDF} = {E0A87494-5771-40C4-827A-AB4E9B13E1C1}
	EndGlobalSection
EndGlobal
